
Microsoft Visual Studio Solution File, Format Version 12.00
# Visual Studio 14
VisualStudioVersion = 14.0.25420.1
MinimumVisualStudioVersion = 10.0.40219.1
Project("{2150E333-8FDC-42A3-9474-1A3956D46DE8}") = "BC_ContosoRecordsModule", "BC_ContosoRecordsModule", "{CE67B377-F793-4781-95FE-0001CF93B231}"
EndProject
Project("{2150E333-8FDC-42A3-9474-1A3956D46DE8}") = "Shared_Kernel", "Shared_Kernel", "{32349E08-F3AB-4AD5-9D06-9FDCA91E4DCA}"
EndProject
Project("{2150E333-8FDC-42A3-9474-1A3956D46DE8}") = "Application", "Application", "{1AC7E5FF-2A71-4769-AAFC-C601DA8FC7FC}"
EndProject
Project("{2150E333-8FDC-42A3-9474-1A3956D46DE8}") = "Data", "Data", "{CD6E2433-879A-4351-B56B-FCFB349141CC}"
EndProject
Project("{2150E333-8FDC-42A3-9474-1A3956D46DE8}") = "Domain", "Domain", "{4369771C-068F-4EE0-8A3F-42EF4C1DDEEE}"
EndProject
Project("{2150E333-8FDC-42A3-9474-1A3956D46DE8}") = "Infra", "Infra", "{1F4F667D-074B-4520-B450-1685457A4E91}"
EndProject
Project("{2150E333-8FDC-42A3-9474-1A3956D46DE8}") = "Tests", "Tests", "{50C83F20-35C3-4E61-93C0-5D45FFB8198D}"
EndProject
Project("{FAE04EC0-301F-11D3-BF4B-00C04F79EFBC}") = "BC_ContosoRecordsModule.Application", "BC_ContosoRecordsModule.Application\BC_ContosoRecordsModule.Application.csproj", "{A3A7E48D-FB59-40F5-B3B4-EB7143799319}"
EndProject
Project("{FAE04EC0-301F-11D3-BF4B-00C04F79EFBC}") = "BC_ContosoRecordsModule.DataAccess", "BC_ContosoRecordsModule.DataAccess\BC_ContosoRecordsModule.DataAccess.csproj", "{A4224B18-ECF7-49DB-81D9-0699D9151661}"
EndProject
Project("{FAE04EC0-301F-11D3-BF4B-00C04F79EFBC}") = "BC_ContosoRecordsModule.DataModel", "BC_ContosoRecordsModule.DataModel\BC_ContosoRecordsModule.DataModel.csproj", "{26CC2D7C-E81B-459A-A111-81BBE899065B}"
EndProject
Project("{FAE04EC0-301F-11D3-BF4B-00C04F79EFBC}") = "BC_ContosoRecordsModule.Core", "BC_ContosoRecordsModule.Core\BC_ContosoRecordsModule.Core.csproj", "{81940277-FC64-4239-B855-DA633D99DF4A}"
EndProject
Project("{FAE04EC0-301F-11D3-BF4B-00C04F79EFBC}") = "BC_ContosoRecordsModule.DependencyInjection", "BC_ContosoRecordsModule.DependencyInjection\BC_ContosoRecordsModule.DependencyInjection.csproj", "{936E5422-F5CD-4C49-9996-632A9215BB5F}"
EndProject
Project("{FAE04EC0-301F-11D3-BF4B-00C04F79EFBC}") = "BC_ContosoRecordsModule.UnitTests", "BC_ContosoRecordsModule.UnitTests\BC_ContosoRecordsModule.UnitTests.csproj", "{FD906395-69F4-4B26-B9F3-2BF462BAB339}"
EndProject
Project("{FAE04EC0-301F-11D3-BF4B-00C04F79EFBC}") = "BC_ContosoRecordsModule.IntegrationTests", "BC_ContosoRecordsModule.IntegrationTests\BC_ContosoRecordsModule.IntegrationTests.csproj", "{67791DF2-4EED-4555-B030-8E13BB2BA725}"
EndProject
Project("{8BB2217D-0F2D-49D1-97BC-3654ED321F3B}") = "ContosoRetail.WebAPI", "ContosoRetail.WebAPI\ContosoRetail.WebAPI.xproj", "{35CEF47E-0864-4693-9050-3074B60C0519}"
EndProject
Project("{FAE04EC0-301F-11D3-BF4B-00C04F79EFBC}") = "ContosoRetail.SharedKernel", "ContosoRetail.SharedKernel\ContosoRetail.SharedKernel.csproj", "{87CEB561-FFF1-480B-850F-85D1369408C6}"
EndProject
Project("{2150E333-8FDC-42A3-9474-1A3956D46DE8}") = "BC_SecurityModule", "BC_SecurityModule", "{D9607701-6D06-4194-93DC-67FB82BF3226}"
EndProject
Project("{2150E333-8FDC-42A3-9474-1A3956D46DE8}") = "Application", "Application", "{20C79FF4-115B-4026-A345-7BE71D89F7AA}"
EndProject
Project("{2150E333-8FDC-42A3-9474-1A3956D46DE8}") = "Data", "Data", "{E3640E55-B918-4B7F-A026-1610E0C04743}"
EndProject
Project("{2150E333-8FDC-42A3-9474-1A3956D46DE8}") = "Domain", "Domain", "{8B3AD8E3-A8EC-4C1F-90E0-49AE1EDCFCAE}"
EndProject
Project("{2150E333-8FDC-42A3-9474-1A3956D46DE8}") = "Infra", "Infra", "{BAE5E598-570A-4BF5-9DD3-0D8714DFF71F}"
EndProject
Project("{2150E333-8FDC-42A3-9474-1A3956D46DE8}") = "Tests", "Tests", "{B2EEC8D5-F721-4DD3-B0DB-A3267A3FF767}"
EndProject
Project("{FAE04EC0-301F-11D3-BF4B-00C04F79EFBC}") = "BC_SecurityModule.Application", "BC_SecurityModule.Application\BC_SecurityModule.Application.csproj", "{8B03BC36-02CC-4E8E-A237-22746FE7CDC7}"
EndProject
Project("{FAE04EC0-301F-11D3-BF4B-00C04F79EFBC}") = "BC_SecurityModule.DataAccess", "BC_SecurityModule.DataAccess\BC_SecurityModule.DataAccess.csproj", "{95E49D2B-29D4-4C8F-8987-E5FA6089F019}"
EndProject
Project("{FAE04EC0-301F-11D3-BF4B-00C04F79EFBC}") = "BC_SecurityModule.Core", "BC_SecurityModule.Core\BC_SecurityModule.Core.csproj", "{C510546A-D37D-402A-AE23-9C78F07326A8}"
EndProject
Project("{FAE04EC0-301F-11D3-BF4B-00C04F79EFBC}") = "BC_SecurityModule.DependencyInjection", "BC_SecurityModule.DependencyInjection\BC_SecurityModule.DependencyInjection.csproj", "{56E29FF2-59E2-4D73-9E4C-A9E43F82FDE1}"
EndProject
Project("{FAE04EC0-301F-11D3-BF4B-00C04F79EFBC}") = "BC_SecurityModule.UnitTests", "BC_SecurityModule.UnitTests\BC_SecurityModule.UnitTests.csproj", "{3CF9ED55-F7FB-49D8-A5B6-6BD5C50979F2}"
EndProject
Project("{FAE04EC0-301F-11D3-BF4B-00C04F79EFBC}") = "BC_SecurityModule.IntegrationTests", "BC_SecurityModule.IntegrationTests\BC_SecurityModule.IntegrationTests.csproj", "{B2506569-6E83-4570-9110-2307B42EFC64}"
EndProject
Project("{FAE04EC0-301F-11D3-BF4B-00C04F79EFBC}") = "BC_SecurityModule.DataModel", "BC_SecurityModule.DataModel\BC_SecurityModule.DataModel.csproj", "{CDF2C5AE-70FE-4B11-B2CA-9DEE32F77441}"
EndProject
Global
	GlobalSection(SolutionConfigurationPlatforms) = preSolution
		Debug|Any CPU = Debug|Any CPU
		Release|Any CPU = Release|Any CPU
	EndGlobalSection
	GlobalSection(ProjectConfigurationPlatforms) = postSolution
		{A3A7E48D-FB59-40F5-B3B4-EB7143799319}.Debug|Any CPU.ActiveCfg = Debug|Any CPU
		{A3A7E48D-FB59-40F5-B3B4-EB7143799319}.Debug|Any CPU.Build.0 = Debug|Any CPU
		{A3A7E48D-FB59-40F5-B3B4-EB7143799319}.Release|Any CPU.ActiveCfg = Release|Any CPU
		{A3A7E48D-FB59-40F5-B3B4-EB7143799319}.Release|Any CPU.Build.0 = Release|Any CPU
		{A4224B18-ECF7-49DB-81D9-0699D9151661}.Debug|Any CPU.ActiveCfg = Debug|Any CPU
		{A4224B18-ECF7-49DB-81D9-0699D9151661}.Debug|Any CPU.Build.0 = Debug|Any CPU
		{A4224B18-ECF7-49DB-81D9-0699D9151661}.Release|Any CPU.ActiveCfg = Release|Any CPU
		{A4224B18-ECF7-49DB-81D9-0699D9151661}.Release|Any CPU.Build.0 = Release|Any CPU
		{26CC2D7C-E81B-459A-A111-81BBE899065B}.Debug|Any CPU.ActiveCfg = Debug|Any CPU
		{26CC2D7C-E81B-459A-A111-81BBE899065B}.Debug|Any CPU.Build.0 = Debug|Any CPU
		{26CC2D7C-E81B-459A-A111-81BBE899065B}.Release|Any CPU.ActiveCfg = Release|Any CPU
		{26CC2D7C-E81B-459A-A111-81BBE899065B}.Release|Any CPU.Build.0 = Release|Any CPU
		{81940277-FC64-4239-B855-DA633D99DF4A}.Debug|Any CPU.ActiveCfg = Debug|Any CPU
		{81940277-FC64-4239-B855-DA633D99DF4A}.Debug|Any CPU.Build.0 = Debug|Any CPU
		{81940277-FC64-4239-B855-DA633D99DF4A}.Release|Any CPU.ActiveCfg = Release|Any CPU
		{81940277-FC64-4239-B855-DA633D99DF4A}.Release|Any CPU.Build.0 = Release|Any CPU
		{936E5422-F5CD-4C49-9996-632A9215BB5F}.Debug|Any CPU.ActiveCfg = Debug|Any CPU
		{936E5422-F5CD-4C49-9996-632A9215BB5F}.Debug|Any CPU.Build.0 = Debug|Any CPU
		{936E5422-F5CD-4C49-9996-632A9215BB5F}.Release|Any CPU.ActiveCfg = Release|Any CPU
		{936E5422-F5CD-4C49-9996-632A9215BB5F}.Release|Any CPU.Build.0 = Release|Any CPU
		{FD906395-69F4-4B26-B9F3-2BF462BAB339}.Debug|Any CPU.ActiveCfg = Debug|Any CPU
		{FD906395-69F4-4B26-B9F3-2BF462BAB339}.Debug|Any CPU.Build.0 = Debug|Any CPU
		{FD906395-69F4-4B26-B9F3-2BF462BAB339}.Release|Any CPU.ActiveCfg = Release|Any CPU
		{FD906395-69F4-4B26-B9F3-2BF462BAB339}.Release|Any CPU.Build.0 = Release|Any CPU
		{67791DF2-4EED-4555-B030-8E13BB2BA725}.Debug|Any CPU.ActiveCfg = Debug|Any CPU
		{67791DF2-4EED-4555-B030-8E13BB2BA725}.Debug|Any CPU.Build.0 = Debug|Any CPU
		{67791DF2-4EED-4555-B030-8E13BB2BA725}.Release|Any CPU.ActiveCfg = Release|Any CPU
		{67791DF2-4EED-4555-B030-8E13BB2BA725}.Release|Any CPU.Build.0 = Release|Any CPU
		{35CEF47E-0864-4693-9050-3074B60C0519}.Debug|Any CPU.ActiveCfg = Debug|Any CPU
		{35CEF47E-0864-4693-9050-3074B60C0519}.Debug|Any CPU.Build.0 = Debug|Any CPU
		{35CEF47E-0864-4693-9050-3074B60C0519}.Release|Any CPU.ActiveCfg = Release|Any CPU
		{35CEF47E-0864-4693-9050-3074B60C0519}.Release|Any CPU.Build.0 = Release|Any CPU
		{87CEB561-FFF1-480B-850F-85D1369408C6}.Debug|Any CPU.ActiveCfg = Debug|Any CPU
		{87CEB561-FFF1-480B-850F-85D1369408C6}.Debug|Any CPU.Build.0 = Debug|Any CPU
		{87CEB561-FFF1-480B-850F-85D1369408C6}.Release|Any CPU.ActiveCfg = Release|Any CPU
		{87CEB561-FFF1-480B-850F-85D1369408C6}.Release|Any CPU.Build.0 = Release|Any CPU
		{8B03BC36-02CC-4E8E-A237-22746FE7CDC7}.Debug|Any CPU.ActiveCfg = Debug|Any CPU
		{8B03BC36-02CC-4E8E-A237-22746FE7CDC7}.Debug|Any CPU.Build.0 = Debug|Any CPU
		{8B03BC36-02CC-4E8E-A237-22746FE7CDC7}.Release|Any CPU.ActiveCfg = Release|Any CPU
		{8B03BC36-02CC-4E8E-A237-22746FE7CDC7}.Release|Any CPU.Build.0 = Release|Any CPU
		{95E49D2B-29D4-4C8F-8987-E5FA6089F019}.Debug|Any CPU.ActiveCfg = Debug|Any CPU
		{95E49D2B-29D4-4C8F-8987-E5FA6089F019}.Debug|Any CPU.Build.0 = Debug|Any CPU
		{95E49D2B-29D4-4C8F-8987-E5FA6089F019}.Release|Any CPU.ActiveCfg = Release|Any CPU
		{95E49D2B-29D4-4C8F-8987-E5FA6089F019}.Release|Any CPU.Build.0 = Release|Any CPU
		{C510546A-D37D-402A-AE23-9C78F07326A8}.Debug|Any CPU.ActiveCfg = Debug|Any CPU
		{C510546A-D37D-402A-AE23-9C78F07326A8}.Debug|Any CPU.Build.0 = Debug|Any CPU
		{C510546A-D37D-402A-AE23-9C78F07326A8}.Release|Any CPU.ActiveCfg = Release|Any CPU
		{C510546A-D37D-402A-AE23-9C78F07326A8}.Release|Any CPU.Build.0 = Release|Any CPU
		{56E29FF2-59E2-4D73-9E4C-A9E43F82FDE1}.Debug|Any CPU.ActiveCfg = Debug|Any CPU
		{56E29FF2-59E2-4D73-9E4C-A9E43F82FDE1}.Debug|Any CPU.Build.0 = Debug|Any CPU
		{56E29FF2-59E2-4D73-9E4C-A9E43F82FDE1}.Release|Any CPU.ActiveCfg = Release|Any CPU
		{56E29FF2-59E2-4D73-9E4C-A9E43F82FDE1}.Release|Any CPU.Build.0 = Release|Any CPU
		{3CF9ED55-F7FB-49D8-A5B6-6BD5C50979F2}.Debug|Any CPU.ActiveCfg = Debug|Any CPU
		{3CF9ED55-F7FB-49D8-A5B6-6BD5C50979F2}.Debug|Any CPU.Build.0 = Debug|Any CPU
		{3CF9ED55-F7FB-49D8-A5B6-6BD5C50979F2}.Release|Any CPU.ActiveCfg = Release|Any CPU
		{3CF9ED55-F7FB-49D8-A5B6-6BD5C50979F2}.Release|Any CPU.Build.0 = Release|Any CPU
		{B2506569-6E83-4570-9110-2307B42EFC64}.Debug|Any CPU.ActiveCfg = Debug|Any CPU
		{B2506569-6E83-4570-9110-2307B42EFC64}.Debug|Any CPU.Build.0 = Debug|Any CPU
		{B2506569-6E83-4570-9110-2307B42EFC64}.Release|Any CPU.ActiveCfg = Release|Any CPU
		{B2506569-6E83-4570-9110-2307B42EFC64}.Release|Any CPU.Build.0 = Release|Any CPU
		{CDF2C5AE-70FE-4B11-B2CA-9DEE32F77441}.Debug|Any CPU.ActiveCfg = Debug|Any CPU
		{CDF2C5AE-70FE-4B11-B2CA-9DEE32F77441}.Debug|Any CPU.Build.0 = Debug|Any CPU
		{CDF2C5AE-70FE-4B11-B2CA-9DEE32F77441}.Release|Any CPU.ActiveCfg = Release|Any CPU
		{CDF2C5AE-70FE-4B11-B2CA-9DEE32F77441}.Release|Any CPU.Build.0 = Release|Any CPU
	EndGlobalSection
	GlobalSection(SolutionProperties) = preSolution
		HideSolutionNode = FALSE
	EndGlobalSection
	GlobalSection(NestedProjects) = preSolution
		{1AC7E5FF-2A71-4769-AAFC-C601DA8FC7FC} = {CE67B377-F793-4781-95FE-0001CF93B231}
		{CD6E2433-879A-4351-B56B-FCFB349141CC} = {CE67B377-F793-4781-95FE-0001CF93B231}
		{4369771C-068F-4EE0-8A3F-42EF4C1DDEEE} = {CE67B377-F793-4781-95FE-0001CF93B231}
		{1F4F667D-074B-4520-B450-1685457A4E91} = {CE67B377-F793-4781-95FE-0001CF93B231}
		{50C83F20-35C3-4E61-93C0-5D45FFB8198D} = {CE67B377-F793-4781-95FE-0001CF93B231}
		{A3A7E48D-FB59-40F5-B3B4-EB7143799319} = {1AC7E5FF-2A71-4769-AAFC-C601DA8FC7FC}
		{A4224B18-ECF7-49DB-81D9-0699D9151661} = {CD6E2433-879A-4351-B56B-FCFB349141CC}
		{26CC2D7C-E81B-459A-A111-81BBE899065B} = {CD6E2433-879A-4351-B56B-FCFB349141CC}
		{81940277-FC64-4239-B855-DA633D99DF4A} = {4369771C-068F-4EE0-8A3F-42EF4C1DDEEE}
		{936E5422-F5CD-4C49-9996-632A9215BB5F} = {1F4F667D-074B-4520-B450-1685457A4E91}
		{FD906395-69F4-4B26-B9F3-2BF462BAB339} = {50C83F20-35C3-4E61-93C0-5D45FFB8198D}
		{67791DF2-4EED-4555-B030-8E13BB2BA725} = {50C83F20-35C3-4E61-93C0-5D45FFB8198D}
		{87CEB561-FFF1-480B-850F-85D1369408C6} = {32349E08-F3AB-4AD5-9D06-9FDCA91E4DCA}
		{20C79FF4-115B-4026-A345-7BE71D89F7AA} = {D9607701-6D06-4194-93DC-67FB82BF3226}
		{E3640E55-B918-4B7F-A026-1610E0C04743} = {D9607701-6D06-4194-93DC-67FB82BF3226}
		{8B3AD8E3-A8EC-4C1F-90E0-49AE1EDCFCAE} = {D9607701-6D06-4194-93DC-67FB82BF3226}
		{BAE5E598-570A-4BF5-9DD3-0D8714DFF71F} = {D9607701-6D06-4194-93DC-67FB82BF3226}
		{B2EEC8D5-F721-4DD3-B0DB-A3267A3FF767} = {D9607701-6D06-4194-93DC-67FB82BF3226}
		{8B03BC36-02CC-4E8E-A237-22746FE7CDC7} = {20C79FF4-115B-4026-A345-7BE71D89F7AA}
		{95E49D2B-29D4-4C8F-8987-E5FA6089F019} = {E3640E55-B918-4B7F-A026-1610E0C04743}
		{C510546A-D37D-402A-AE23-9C78F07326A8} = {8B3AD8E3-A8EC-4C1F-90E0-49AE1EDCFCAE}
		{56E29FF2-59E2-4D73-9E4C-A9E43F82FDE1} = {BAE5E598-570A-4BF5-9DD3-0D8714DFF71F}
		{3CF9ED55-F7FB-49D8-A5B6-6BD5C50979F2} = {B2EEC8D5-F721-4DD3-B0DB-A3267A3FF767}
		{B2506569-6E83-4570-9110-2307B42EFC64} = {B2EEC8D5-F721-4DD3-B0DB-A3267A3FF767}
		{CDF2C5AE-70FE-4B11-B2CA-9DEE32F77441} = {E3640E55-B918-4B7F-A026-1610E0C04743}
	EndGlobalSection
EndGlobal
